// !$*UTF8*$!
{
	archiveVersion = 1;
	classes = {
	};
	objectVersion = 55;
	objects = {

/* Begin PBXBuildFile section */
		1A35B5582872206C0007A1FB /* AppDelegate.swift in Sources */ = {isa = PBXBuildFile; fileRef = 1A35B5572872206C0007A1FB /* AppDelegate.swift */; };
		1A35B55A2872206C0007A1FB /* SceneDelegate.swift in Sources */ = {isa = PBXBuildFile; fileRef = 1A35B5592872206C0007A1FB /* SceneDelegate.swift */; };
		1A35B5612872206E0007A1FB /* Assets.xcassets in Resources */ = {isa = PBXBuildFile; fileRef = 1A35B5602872206E0007A1FB /* Assets.xcassets */; };
		1A35B5642872206E0007A1FB /* LaunchScreen.storyboard in Resources */ = {isa = PBXBuildFile; fileRef = 1A35B5622872206E0007A1FB /* LaunchScreen.storyboard */; };
		1A35B56F2872206E0007A1FB /* TrexisProjectTests.swift in Sources */ = {isa = PBXBuildFile; fileRef = 1A35B56E2872206E0007A1FB /* TrexisProjectTests.swift */; };
		1A35B5792872206E0007A1FB /* TrexisProjectUITests.swift in Sources */ = {isa = PBXBuildFile; fileRef = 1A35B5782872206E0007A1FB /* TrexisProjectUITests.swift */; };
		1A35B57B2872206E0007A1FB /* TrexisProjectUITestsLaunchTests.swift in Sources */ = {isa = PBXBuildFile; fileRef = 1A35B57A2872206E0007A1FB /* TrexisProjectUITestsLaunchTests.swift */; };
		1A35B589287220C60007A1FB /* Coordinator.swift in Sources */ = {isa = PBXBuildFile; fileRef = 1A35B588287220C60007A1FB /* Coordinator.swift */; };
		1A35B58B287220EC0007A1FB /* Router.swift in Sources */ = {isa = PBXBuildFile; fileRef = 1A35B58A287220EC0007A1FB /* Router.swift */; };
		1A35B58E2872210E0007A1FB /* Presentable.swift in Sources */ = {isa = PBXBuildFile; fileRef = 1A35B58D2872210E0007A1FB /* Presentable.swift */; };
		1A35B592287221480007A1FB /* AppCoordinator.swift in Sources */ = {isa = PBXBuildFile; fileRef = 1A35B591287221480007A1FB /* AppCoordinator.swift */; };
		1A35B595287223B20007A1FB /* UIViewController+Ext.swift in Sources */ = {isa = PBXBuildFile; fileRef = 1A35B594287223B20007A1FB /* UIViewController+Ext.swift */; };
		1A35B599287224E20007A1FB /* TabCoordinator.swift in Sources */ = {isa = PBXBuildFile; fileRef = 1A35B598287224E20007A1FB /* TabCoordinator.swift */; };
		1A35B59B287224EF0007A1FB /* AuthCoordinator.swift in Sources */ = {isa = PBXBuildFile; fileRef = 1A35B59A287224EF0007A1FB /* AuthCoordinator.swift */; };
		1A35B59D2872263C0007A1FB /* LoginViewController.swift in Sources */ = {isa = PBXBuildFile; fileRef = 1A35B59C2872263C0007A1FB /* LoginViewController.swift */; };
		1A35B5A5287233C20007A1FB /* DashboardCoordinator.swift in Sources */ = {isa = PBXBuildFile; fileRef = 1A35B5A4287233C20007A1FB /* DashboardCoordinator.swift */; };
		1A35B5A7287234100007A1FB /* ProfileCoordinator.swift in Sources */ = {isa = PBXBuildFile; fileRef = 1A35B5A6287234100007A1FB /* ProfileCoordinator.swift */; };
		1A35B5A92872341A0007A1FB /* FavoriteCoordinator.swift in Sources */ = {isa = PBXBuildFile; fileRef = 1A35B5A82872341A0007A1FB /* FavoriteCoordinator.swift */; };
		1A35B5AD287242210007A1FB /* LoadingViewController.swift in Sources */ = {isa = PBXBuildFile; fileRef = 1A35B5AC287242210007A1FB /* LoadingViewController.swift */; };
		1A35B5AF287242550007A1FB /* AuthenticateDelegate.swift in Sources */ = {isa = PBXBuildFile; fileRef = 1A35B5AE287242550007A1FB /* AuthenticateDelegate.swift */; };
		1A35B5B7287243E00007A1FB /* Colors.swift in Sources */ = {isa = PBXBuildFile; fileRef = 1A35B5B6287243E00007A1FB /* Colors.swift */; };
		1A35B5B92872441F0007A1FB /* FormItem.swift in Sources */ = {isa = PBXBuildFile; fileRef = 1A35B5B82872441F0007A1FB /* FormItem.swift */; };
		1A35B5BB287244680007A1FB /* UIColor+Ext.swift in Sources */ = {isa = PBXBuildFile; fileRef = 1A35B5BA287244680007A1FB /* UIColor+Ext.swift */; };
		1A35B5BD287244AE0007A1FB /* Fonts.swift in Sources */ = {isa = PBXBuildFile; fileRef = 1A35B5BC287244AE0007A1FB /* Fonts.swift */; };
		1A35B5BF287244EE0007A1FB /* UIFont+Ext.swift in Sources */ = {isa = PBXBuildFile; fileRef = 1A35B5BE287244EE0007A1FB /* UIFont+Ext.swift */; };
		1A35B5C12872450C0007A1FB /* Size.swift in Sources */ = {isa = PBXBuildFile; fileRef = 1A35B5C02872450C0007A1FB /* Size.swift */; };
		1A35B5C3287245280007A1FB /* Strings.swift in Sources */ = {isa = PBXBuildFile; fileRef = 1A35B5C2287245280007A1FB /* Strings.swift */; };
		1A35B5C5287247C70007A1FB /* FormProtocol.swift in Sources */ = {isa = PBXBuildFile; fileRef = 1A35B5C4287247C70007A1FB /* FormProtocol.swift */; };
		1A35B5C7287248640007A1FB /* LoginForm.swift in Sources */ = {isa = PBXBuildFile; fileRef = 1A35B5C6287248640007A1FB /* LoginForm.swift */; };
		1A35B5CA28724BB50007A1FB /* FormTextFieldTableViewCell.swift in Sources */ = {isa = PBXBuildFile; fileRef = 1A35B5C928724BB50007A1FB /* FormTextFieldTableViewCell.swift */; };
		1A35B5CC28724C230007A1FB /* UITableView+Ext.swift in Sources */ = {isa = PBXBuildFile; fileRef = 1A35B5CB28724C230007A1FB /* UITableView+Ext.swift */; };
		1A35B5CE28724E1D0007A1FB /* Padding.swift in Sources */ = {isa = PBXBuildFile; fileRef = 1A35B5CD28724E1D0007A1FB /* Padding.swift */; };
		1A35B5D0287258960007A1FB /* UITextField+Ext.swift in Sources */ = {isa = PBXBuildFile; fileRef = 1A35B5CF287258960007A1FB /* UITextField+Ext.swift */; };
		1A35B5D3287259C50007A1FB /* PrimaryButton.swift in Sources */ = {isa = PBXBuildFile; fileRef = 1A35B5D2287259C50007A1FB /* PrimaryButton.swift */; };
		1A35B5D728727AEC0007A1FB /* Textfield.swift in Sources */ = {isa = PBXBuildFile; fileRef = 1A35B5D628727AEC0007A1FB /* Textfield.swift */; };
		1A35B5D9287282680007A1FB /* AuthViewModel.swift in Sources */ = {isa = PBXBuildFile; fileRef = 1A35B5D8287282680007A1FB /* AuthViewModel.swift */; };
		1A90DDDA2873386400C445B8 /* APIService.swift in Sources */ = {isa = PBXBuildFile; fileRef = 1A90DDD92873386400C445B8 /* APIService.swift */; };
		1A90DDDC28733E5600C445B8 /* MinimumAlertViewController.swift in Sources */ = {isa = PBXBuildFile; fileRef = 1A90DDDB28733E5600C445B8 /* MinimumAlertViewController.swift */; };
		1A90DDDE28733E8A00C445B8 /* FootNoteLabel.swift in Sources */ = {isa = PBXBuildFile; fileRef = 1A90DDDD28733E8A00C445B8 /* FootNoteLabel.swift */; };
		1A90DDE228733F1600C445B8 /* CustomTapGesture.swift in Sources */ = {isa = PBXBuildFile; fileRef = 1A90DDE128733F1600C445B8 /* CustomTapGesture.swift */; };
		1A90DDE5287340E400C445B8 /* DashboardViewController.swift in Sources */ = {isa = PBXBuildFile; fileRef = 1A90DDE4287340E400C445B8 /* DashboardViewController.swift */; };
		1A90DDE72873412800C445B8 /* ProfileViewController.swift in Sources */ = {isa = PBXBuildFile; fileRef = 1A90DDE62873412800C445B8 /* ProfileViewController.swift */; };
		1A90DDE92873413D00C445B8 /* FavoriteViewController.swift in Sources */ = {isa = PBXBuildFile; fileRef = 1A90DDE82873413D00C445B8 /* FavoriteViewController.swift */; };
/* End PBXBuildFile section */

/* Begin PBXContainerItemProxy section */
		1A35B56B2872206E0007A1FB /* PBXContainerItemProxy */ = {
			isa = PBXContainerItemProxy;
			containerPortal = 1A35B54C2872206C0007A1FB /* Project object */;
			proxyType = 1;
			remoteGlobalIDString = 1A35B5532872206C0007A1FB;
			remoteInfo = TrexisProject;
		};
		1A35B5752872206E0007A1FB /* PBXContainerItemProxy */ = {
			isa = PBXContainerItemProxy;
			containerPortal = 1A35B54C2872206C0007A1FB /* Project object */;
			proxyType = 1;
			remoteGlobalIDString = 1A35B5532872206C0007A1FB;
			remoteInfo = TrexisProject;
		};
/* End PBXContainerItemProxy section */

/* Begin PBXFileReference section */
		1A35B5542872206C0007A1FB /* TrexisProject.app */ = {isa = PBXFileReference; explicitFileType = wrapper.application; includeInIndex = 0; path = TrexisProject.app; sourceTree = BUILT_PRODUCTS_DIR; };
		1A35B5572872206C0007A1FB /* AppDelegate.swift */ = {isa = PBXFileReference; lastKnownFileType = sourcecode.swift; path = AppDelegate.swift; sourceTree = "<group>"; };
		1A35B5592872206C0007A1FB /* SceneDelegate.swift */ = {isa = PBXFileReference; lastKnownFileType = sourcecode.swift; path = SceneDelegate.swift; sourceTree = "<group>"; };
		1A35B5602872206E0007A1FB /* Assets.xcassets */ = {isa = PBXFileReference; lastKnownFileType = folder.assetcatalog; path = Assets.xcassets; sourceTree = "<group>"; };
		1A35B5632872206E0007A1FB /* Base */ = {isa = PBXFileReference; lastKnownFileType = file.storyboard; name = Base; path = Base.lproj/LaunchScreen.storyboard; sourceTree = "<group>"; };
		1A35B5652872206E0007A1FB /* Info.plist */ = {isa = PBXFileReference; lastKnownFileType = text.plist.xml; path = Info.plist; sourceTree = "<group>"; };
		1A35B56A2872206E0007A1FB /* TrexisProjectTests.xctest */ = {isa = PBXFileReference; explicitFileType = wrapper.cfbundle; includeInIndex = 0; path = TrexisProjectTests.xctest; sourceTree = BUILT_PRODUCTS_DIR; };
		1A35B56E2872206E0007A1FB /* TrexisProjectTests.swift */ = {isa = PBXFileReference; lastKnownFileType = sourcecode.swift; path = TrexisProjectTests.swift; sourceTree = "<group>"; };
		1A35B5742872206E0007A1FB /* TrexisProjectUITests.xctest */ = {isa = PBXFileReference; explicitFileType = wrapper.cfbundle; includeInIndex = 0; path = TrexisProjectUITests.xctest; sourceTree = BUILT_PRODUCTS_DIR; };
		1A35B5782872206E0007A1FB /* TrexisProjectUITests.swift */ = {isa = PBXFileReference; lastKnownFileType = sourcecode.swift; path = TrexisProjectUITests.swift; sourceTree = "<group>"; };
		1A35B57A2872206E0007A1FB /* TrexisProjectUITestsLaunchTests.swift */ = {isa = PBXFileReference; lastKnownFileType = sourcecode.swift; path = TrexisProjectUITestsLaunchTests.swift; sourceTree = "<group>"; };
		1A35B588287220C60007A1FB /* Coordinator.swift */ = {isa = PBXFileReference; lastKnownFileType = sourcecode.swift; path = Coordinator.swift; sourceTree = "<group>"; };
		1A35B58A287220EC0007A1FB /* Router.swift */ = {isa = PBXFileReference; lastKnownFileType = sourcecode.swift; path = Router.swift; sourceTree = "<group>"; };
		1A35B58D2872210E0007A1FB /* Presentable.swift */ = {isa = PBXFileReference; lastKnownFileType = sourcecode.swift; path = Presentable.swift; sourceTree = "<group>"; };
		1A35B591287221480007A1FB /* AppCoordinator.swift */ = {isa = PBXFileReference; lastKnownFileType = sourcecode.swift; path = AppCoordinator.swift; sourceTree = "<group>"; };
		1A35B594287223B20007A1FB /* UIViewController+Ext.swift */ = {isa = PBXFileReference; lastKnownFileType = sourcecode.swift; path = "UIViewController+Ext.swift"; sourceTree = "<group>"; };
		1A35B598287224E20007A1FB /* TabCoordinator.swift */ = {isa = PBXFileReference; lastKnownFileType = sourcecode.swift; path = TabCoordinator.swift; sourceTree = "<group>"; };
		1A35B59A287224EF0007A1FB /* AuthCoordinator.swift */ = {isa = PBXFileReference; lastKnownFileType = sourcecode.swift; path = AuthCoordinator.swift; sourceTree = "<group>"; };
		1A35B59C2872263C0007A1FB /* LoginViewController.swift */ = {isa = PBXFileReference; lastKnownFileType = sourcecode.swift; path = LoginViewController.swift; sourceTree = "<group>"; };
		1A35B5A4287233C20007A1FB /* DashboardCoordinator.swift */ = {isa = PBXFileReference; lastKnownFileType = sourcecode.swift; path = DashboardCoordinator.swift; sourceTree = "<group>"; };
		1A35B5A6287234100007A1FB /* ProfileCoordinator.swift */ = {isa = PBXFileReference; lastKnownFileType = sourcecode.swift; path = ProfileCoordinator.swift; sourceTree = "<group>"; };
		1A35B5A82872341A0007A1FB /* FavoriteCoordinator.swift */ = {isa = PBXFileReference; lastKnownFileType = sourcecode.swift; path = FavoriteCoordinator.swift; sourceTree = "<group>"; };
		1A35B5AC287242210007A1FB /* LoadingViewController.swift */ = {isa = PBXFileReference; lastKnownFileType = sourcecode.swift; path = LoadingViewController.swift; sourceTree = "<group>"; };
		1A35B5AE287242550007A1FB /* AuthenticateDelegate.swift */ = {isa = PBXFileReference; lastKnownFileType = sourcecode.swift; path = AuthenticateDelegate.swift; sourceTree = "<group>"; };
		1A35B5B6287243E00007A1FB /* Colors.swift */ = {isa = PBXFileReference; lastKnownFileType = sourcecode.swift; path = Colors.swift; sourceTree = "<group>"; };
		1A35B5B82872441F0007A1FB /* FormItem.swift */ = {isa = PBXFileReference; lastKnownFileType = sourcecode.swift; path = FormItem.swift; sourceTree = "<group>"; };
		1A35B5BA287244680007A1FB /* UIColor+Ext.swift */ = {isa = PBXFileReference; lastKnownFileType = sourcecode.swift; path = "UIColor+Ext.swift"; sourceTree = "<group>"; };
		1A35B5BC287244AE0007A1FB /* Fonts.swift */ = {isa = PBXFileReference; lastKnownFileType = sourcecode.swift; path = Fonts.swift; sourceTree = "<group>"; };
		1A35B5BE287244EE0007A1FB /* UIFont+Ext.swift */ = {isa = PBXFileReference; lastKnownFileType = sourcecode.swift; path = "UIFont+Ext.swift"; sourceTree = "<group>"; };
		1A35B5C02872450C0007A1FB /* Size.swift */ = {isa = PBXFileReference; lastKnownFileType = sourcecode.swift; path = Size.swift; sourceTree = "<group>"; };
		1A35B5C2287245280007A1FB /* Strings.swift */ = {isa = PBXFileReference; lastKnownFileType = sourcecode.swift; path = Strings.swift; sourceTree = "<group>"; };
		1A35B5C4287247C70007A1FB /* FormProtocol.swift */ = {isa = PBXFileReference; lastKnownFileType = sourcecode.swift; path = FormProtocol.swift; sourceTree = "<group>"; };
		1A35B5C6287248640007A1FB /* LoginForm.swift */ = {isa = PBXFileReference; lastKnownFileType = sourcecode.swift; path = LoginForm.swift; sourceTree = "<group>"; };
		1A35B5C928724BB50007A1FB /* FormTextFieldTableViewCell.swift */ = {isa = PBXFileReference; lastKnownFileType = sourcecode.swift; path = FormTextFieldTableViewCell.swift; sourceTree = "<group>"; };
		1A35B5CB28724C230007A1FB /* UITableView+Ext.swift */ = {isa = PBXFileReference; lastKnownFileType = sourcecode.swift; path = "UITableView+Ext.swift"; sourceTree = "<group>"; };
		1A35B5CD28724E1D0007A1FB /* Padding.swift */ = {isa = PBXFileReference; lastKnownFileType = sourcecode.swift; path = Padding.swift; sourceTree = "<group>"; };
		1A35B5CF287258960007A1FB /* UITextField+Ext.swift */ = {isa = PBXFileReference; lastKnownFileType = sourcecode.swift; path = "UITextField+Ext.swift"; sourceTree = "<group>"; };
		1A35B5D2287259C50007A1FB /* PrimaryButton.swift */ = {isa = PBXFileReference; lastKnownFileType = sourcecode.swift; path = PrimaryButton.swift; sourceTree = "<group>"; };
		1A35B5D628727AEC0007A1FB /* Textfield.swift */ = {isa = PBXFileReference; lastKnownFileType = sourcecode.swift; path = Textfield.swift; sourceTree = "<group>"; };
		1A35B5D8287282680007A1FB /* AuthViewModel.swift */ = {isa = PBXFileReference; lastKnownFileType = sourcecode.swift; path = AuthViewModel.swift; sourceTree = "<group>"; };
		1A90DDD92873386400C445B8 /* APIService.swift */ = {isa = PBXFileReference; lastKnownFileType = sourcecode.swift; path = APIService.swift; sourceTree = "<group>"; };
		1A90DDDB28733E5600C445B8 /* MinimumAlertViewController.swift */ = {isa = PBXFileReference; lastKnownFileType = sourcecode.swift; path = MinimumAlertViewController.swift; sourceTree = "<group>"; };
		1A90DDDD28733E8A00C445B8 /* FootNoteLabel.swift */ = {isa = PBXFileReference; lastKnownFileType = sourcecode.swift; path = FootNoteLabel.swift; sourceTree = "<group>"; };
		1A90DDE128733F1600C445B8 /* CustomTapGesture.swift */ = {isa = PBXFileReference; lastKnownFileType = sourcecode.swift; path = CustomTapGesture.swift; sourceTree = "<group>"; };
		1A90DDE4287340E400C445B8 /* DashboardViewController.swift */ = {isa = PBXFileReference; lastKnownFileType = sourcecode.swift; path = DashboardViewController.swift; sourceTree = "<group>"; };
		1A90DDE62873412800C445B8 /* ProfileViewController.swift */ = {isa = PBXFileReference; lastKnownFileType = sourcecode.swift; path = ProfileViewController.swift; sourceTree = "<group>"; };
		1A90DDE82873413D00C445B8 /* FavoriteViewController.swift */ = {isa = PBXFileReference; lastKnownFileType = sourcecode.swift; path = FavoriteViewController.swift; sourceTree = "<group>"; };
/* End PBXFileReference section */

/* Begin PBXFrameworksBuildPhase section */
		1A35B5512872206C0007A1FB /* Frameworks */ = {
			isa = PBXFrameworksBuildPhase;
			buildActionMask = 2147483647;
			files = (
			);
			runOnlyForDeploymentPostprocessing = 0;
		};
		1A35B5672872206E0007A1FB /* Frameworks */ = {
			isa = PBXFrameworksBuildPhase;
			buildActionMask = 2147483647;
			files = (
			);
			runOnlyForDeploymentPostprocessing = 0;
		};
		1A35B5712872206E0007A1FB /* Frameworks */ = {
			isa = PBXFrameworksBuildPhase;
			buildActionMask = 2147483647;
			files = (
			);
			runOnlyForDeploymentPostprocessing = 0;
		};
/* End PBXFrameworksBuildPhase section */

/* Begin PBXGroup section */
		1A35B54B2872206C0007A1FB = {
			isa = PBXGroup;
			children = (
				1A35B5562872206C0007A1FB /* TrexisProject */,
				1A35B56D2872206E0007A1FB /* TrexisProjectTests */,
				1A35B5772872206E0007A1FB /* TrexisProjectUITests */,
				1A35B5552872206C0007A1FB /* Products */,
			);
			sourceTree = "<group>";
		};
		1A35B5552872206C0007A1FB /* Products */ = {
			isa = PBXGroup;
			children = (
				1A35B5542872206C0007A1FB /* TrexisProject.app */,
				1A35B56A2872206E0007A1FB /* TrexisProjectTests.xctest */,
				1A35B5742872206E0007A1FB /* TrexisProjectUITests.xctest */,
			);
			name = Products;
			sourceTree = "<group>";
		};
		1A35B5562872206C0007A1FB /* TrexisProject */ = {
			isa = PBXGroup;
			children = (
				1A90DDE028733F0600C445B8 /* Utils */,
				1A90DDD82873385600C445B8 /* Services */,
				1A35B58F287221260007A1FB /* AppDelegate */,
				1A35B5902872213B0007A1FB /* App */,
				1A35B58C287220FC0007A1FB /* Protocols */,
				1A35B587287220BA0007A1FB /* Architecture */,
				1A35B5AA287242000007A1FB /* CustomViews */,
				1A35B5B5287243C70007A1FB /* Constants */,
				1A35B5B4287243840007A1FB /* Models */,
				1A35B593287223A60007A1FB /* Extensions */,
				1A35B5602872206E0007A1FB /* Assets.xcassets */,
				1A35B5622872206E0007A1FB /* LaunchScreen.storyboard */,
				1A35B5652872206E0007A1FB /* Info.plist */,
			);
			path = TrexisProject;
			sourceTree = "<group>";
		};
		1A35B56D2872206E0007A1FB /* TrexisProjectTests */ = {
			isa = PBXGroup;
			children = (
				1A35B56E2872206E0007A1FB /* TrexisProjectTests.swift */,
			);
			path = TrexisProjectTests;
			sourceTree = "<group>";
		};
		1A35B5772872206E0007A1FB /* TrexisProjectUITests */ = {
			isa = PBXGroup;
			children = (
				1A35B5782872206E0007A1FB /* TrexisProjectUITests.swift */,
				1A35B57A2872206E0007A1FB /* TrexisProjectUITestsLaunchTests.swift */,
			);
			path = TrexisProjectUITests;
			sourceTree = "<group>";
		};
		1A35B587287220BA0007A1FB /* Architecture */ = {
			isa = PBXGroup;
			children = (
				1A35B588287220C60007A1FB /* Coordinator.swift */,
				1A35B58A287220EC0007A1FB /* Router.swift */,
			);
			path = Architecture;
			sourceTree = "<group>";
		};
		1A35B58C287220FC0007A1FB /* Protocols */ = {
			isa = PBXGroup;
			children = (
				1A35B58D2872210E0007A1FB /* Presentable.swift */,
				1A35B5AE287242550007A1FB /* AuthenticateDelegate.swift */,
				1A35B5C4287247C70007A1FB /* FormProtocol.swift */,
			);
			path = Protocols;
			sourceTree = "<group>";
		};
		1A35B58F287221260007A1FB /* AppDelegate */ = {
			isa = PBXGroup;
			children = (
				1A35B5572872206C0007A1FB /* AppDelegate.swift */,
				1A35B5592872206C0007A1FB /* SceneDelegate.swift */,
			);
			path = AppDelegate;
			sourceTree = "<group>";
		};
		1A35B5902872213B0007A1FB /* App */ = {
			isa = PBXGroup;
			children = (
				1A35B591287221480007A1FB /* AppCoordinator.swift */,
				1A35B5A3287233930007A1FB /* Favorite */,
				1A35B5A22872333B0007A1FB /* Profile */,
				1A35B5A12872332E0007A1FB /* Dashboard */,
				1A35B597287224B80007A1FB /* Tabbar */,
				1A35B596287224AF0007A1FB /* Auth */,
			);
			path = App;
			sourceTree = "<group>";
		};
		1A35B593287223A60007A1FB /* Extensions */ = {
			isa = PBXGroup;
			children = (
				1A35B594287223B20007A1FB /* UIViewController+Ext.swift */,
				1A35B5BA287244680007A1FB /* UIColor+Ext.swift */,
				1A35B5BE287244EE0007A1FB /* UIFont+Ext.swift */,
				1A35B5CB28724C230007A1FB /* UITableView+Ext.swift */,
				1A35B5CF287258960007A1FB /* UITextField+Ext.swift */,
			);
			path = Extensions;
			sourceTree = "<group>";
		};
		1A35B596287224AF0007A1FB /* Auth */ = {
			isa = PBXGroup;
			children = (
				1A35B5B32872437B0007A1FB /* ViewModel */,
				1A35B59E287226400007A1FB /* Views */,
				1A35B59A287224EF0007A1FB /* AuthCoordinator.swift */,
			);
			path = Auth;
			sourceTree = "<group>";
		};
		1A35B597287224B80007A1FB /* Tabbar */ = {
			isa = PBXGroup;
			children = (
				1A35B598287224E20007A1FB /* TabCoordinator.swift */,
			);
			path = Tabbar;
			sourceTree = "<group>";
		};
		1A35B59E287226400007A1FB /* Views */ = {
			isa = PBXGroup;
			children = (
				1A35B59C2872263C0007A1FB /* LoginViewController.swift */,
			);
			path = Views;
			sourceTree = "<group>";
		};
		1A35B5A12872332E0007A1FB /* Dashboard */ = {
			isa = PBXGroup;
			children = (
				1A90DDE3287340D400C445B8 /* View */,
				1A35B5A4287233C20007A1FB /* DashboardCoordinator.swift */,
			);
			path = Dashboard;
			sourceTree = "<group>";
		};
		1A35B5A22872333B0007A1FB /* Profile */ = {
			isa = PBXGroup;
			children = (
				1A35B5A6287234100007A1FB /* ProfileCoordinator.swift */,
				1A90DDE62873412800C445B8 /* ProfileViewController.swift */,
			);
			path = Profile;
			sourceTree = "<group>";
		};
		1A35B5A3287233930007A1FB /* Favorite */ = {
			isa = PBXGroup;
			children = (
				1A35B5A82872341A0007A1FB /* FavoriteCoordinator.swift */,
				1A90DDE82873413D00C445B8 /* FavoriteViewController.swift */,
			);
			path = Favorite;
			sourceTree = "<group>";
		};
		1A35B5AA287242000007A1FB /* CustomViews */ = {
			isa = PBXGroup;
			children = (
				1A35B5D1287259B50007A1FB /* Buttons */,
				1A35B5C828724B980007A1FB /* Cells */,
				1A35B5B02872432A0007A1FB /* TextFields */,
				1A35B5AB2872420F0007A1FB /* ViewControllers */,
				1A90DDDF28733E9300C445B8 /* Label */,
			);
			path = CustomViews;
			sourceTree = "<group>";
		};
		1A35B5AB2872420F0007A1FB /* ViewControllers */ = {
			isa = PBXGroup;
			children = (
				1A35B5AC287242210007A1FB /* LoadingViewController.swift */,
				1A90DDDB28733E5600C445B8 /* MinimumAlertViewController.swift */,
			);
			path = ViewControllers;
			sourceTree = "<group>";
		};
		1A35B5B02872432A0007A1FB /* TextFields */ = {
			isa = PBXGroup;
			children = (
				1A35B5D628727AEC0007A1FB /* Textfield.swift */,
			);
			path = TextFields;
			sourceTree = "<group>";
		};
		1A35B5B32872437B0007A1FB /* ViewModel */ = {
			isa = PBXGroup;
			children = (
				1A35B5B82872441F0007A1FB /* FormItem.swift */,
				1A35B5C6287248640007A1FB /* LoginForm.swift */,
				1A35B5D8287282680007A1FB /* AuthViewModel.swift */,
			);
			path = ViewModel;
			sourceTree = "<group>";
		};
		1A35B5B4287243840007A1FB /* Models */ = {
			isa = PBXGroup;
			children = (
			);
			path = Models;
			sourceTree = "<group>";
		};
		1A35B5B5287243C70007A1FB /* Constants */ = {
			isa = PBXGroup;
			children = (
				1A35B5B6287243E00007A1FB /* Colors.swift */,
				1A35B5BC287244AE0007A1FB /* Fonts.swift */,
				1A35B5C02872450C0007A1FB /* Size.swift */,
				1A35B5C2287245280007A1FB /* Strings.swift */,
				1A35B5CD28724E1D0007A1FB /* Padding.swift */,
			);
			path = Constants;
			sourceTree = "<group>";
		};
		1A35B5C828724B980007A1FB /* Cells */ = {
			isa = PBXGroup;
			children = (
				1A35B5C928724BB50007A1FB /* FormTextFieldTableViewCell.swift */,
			);
			path = Cells;
			sourceTree = "<group>";
		};
		1A35B5D1287259B50007A1FB /* Buttons */ = {
			isa = PBXGroup;
			children = (
				1A35B5D2287259C50007A1FB /* PrimaryButton.swift */,
			);
			path = Buttons;
			sourceTree = "<group>";
		};
		1A90DDD82873385600C445B8 /* Services */ = {
			isa = PBXGroup;
			children = (
				1A90DDD92873386400C445B8 /* APIService.swift */,
			);
			path = Services;
			sourceTree = "<group>";
		};
		1A90DDDF28733E9300C445B8 /* Label */ = {
			isa = PBXGroup;
			children = (
				1A90DDDD28733E8A00C445B8 /* FootNoteLabel.swift */,
			);
			path = Label;
			sourceTree = "<group>";
		};
		1A90DDE028733F0600C445B8 /* Utils */ = {
			isa = PBXGroup;
			children = (
				1A90DDE128733F1600C445B8 /* CustomTapGesture.swift */,
			);
			path = Utils;
			sourceTree = "<group>";
		};
		1A90DDE3287340D400C445B8 /* View */ = {
			isa = PBXGroup;
			children = (
				1A90DDE4287340E400C445B8 /* DashboardViewController.swift */,
			);
			path = View;
			sourceTree = "<group>";
		};
/* End PBXGroup section */

/* Begin PBXNativeTarget section */
		1A35B5532872206C0007A1FB /* TrexisProject */ = {
			isa = PBXNativeTarget;
			buildConfigurationList = 1A35B57E2872206E0007A1FB /* Build configuration list for PBXNativeTarget "TrexisProject" */;
			buildPhases = (
				1A35B5502872206C0007A1FB /* Sources */,
				1A35B5512872206C0007A1FB /* Frameworks */,
				1A35B5522872206C0007A1FB /* Resources */,
			);
			buildRules = (
			);
			dependencies = (
			);
			name = TrexisProject;
			productName = TrexisProject;
			productReference = 1A35B5542872206C0007A1FB /* TrexisProject.app */;
			productType = "com.apple.product-type.application";
		};
		1A35B5692872206E0007A1FB /* TrexisProjectTests */ = {
			isa = PBXNativeTarget;
			buildConfigurationList = 1A35B5812872206E0007A1FB /* Build configuration list for PBXNativeTarget "TrexisProjectTests" */;
			buildPhases = (
				1A35B5662872206E0007A1FB /* Sources */,
				1A35B5672872206E0007A1FB /* Frameworks */,
				1A35B5682872206E0007A1FB /* Resources */,
			);
			buildRules = (
			);
			dependencies = (
				1A35B56C2872206E0007A1FB /* PBXTargetDependency */,
			);
			name = TrexisProjectTests;
			productName = TrexisProjectTests;
			productReference = 1A35B56A2872206E0007A1FB /* TrexisProjectTests.xctest */;
			productType = "com.apple.product-type.bundle.unit-test";
		};
		1A35B5732872206E0007A1FB /* TrexisProjectUITests */ = {
			isa = PBXNativeTarget;
			buildConfigurationList = 1A35B5842872206E0007A1FB /* Build configuration list for PBXNativeTarget "TrexisProjectUITests" */;
			buildPhases = (
				1A35B5702872206E0007A1FB /* Sources */,
				1A35B5712872206E0007A1FB /* Frameworks */,
				1A35B5722872206E0007A1FB /* Resources */,
			);
			buildRules = (
			);
			dependencies = (
				1A35B5762872206E0007A1FB /* PBXTargetDependency */,
			);
			name = TrexisProjectUITests;
			productName = TrexisProjectUITests;
			productReference = 1A35B5742872206E0007A1FB /* TrexisProjectUITests.xctest */;
			productType = "com.apple.product-type.bundle.ui-testing";
		};
/* End PBXNativeTarget section */

/* Begin PBXProject section */
		1A35B54C2872206C0007A1FB /* Project object */ = {
			isa = PBXProject;
			attributes = {
				BuildIndependentTargetsInParallel = 1;
				LastSwiftUpdateCheck = 1330;
				LastUpgradeCheck = 1330;
				TargetAttributes = {
					1A35B5532872206C0007A1FB = {
						CreatedOnToolsVersion = 13.3;
					};
					1A35B5692872206E0007A1FB = {
						CreatedOnToolsVersion = 13.3;
						TestTargetID = 1A35B5532872206C0007A1FB;
					};
					1A35B5732872206E0007A1FB = {
						CreatedOnToolsVersion = 13.3;
						TestTargetID = 1A35B5532872206C0007A1FB;
					};
				};
			};
			buildConfigurationList = 1A35B54F2872206C0007A1FB /* Build configuration list for PBXProject "TrexisProject" */;
			compatibilityVersion = "Xcode 13.0";
			developmentRegion = en;
			hasScannedForEncodings = 0;
			knownRegions = (
				en,
				Base,
			);
			mainGroup = 1A35B54B2872206C0007A1FB;
			productRefGroup = 1A35B5552872206C0007A1FB /* Products */;
			projectDirPath = "";
			projectRoot = "";
			targets = (
				1A35B5532872206C0007A1FB /* TrexisProject */,
				1A35B5692872206E0007A1FB /* TrexisProjectTests */,
				1A35B5732872206E0007A1FB /* TrexisProjectUITests */,
			);
		};
/* End PBXProject section */

/* Begin PBXResourcesBuildPhase section */
		1A35B5522872206C0007A1FB /* Resources */ = {
			isa = PBXResourcesBuildPhase;
			buildActionMask = 2147483647;
			files = (
				1A35B5642872206E0007A1FB /* LaunchScreen.storyboard in Resources */,
				1A35B5612872206E0007A1FB /* Assets.xcassets in Resources */,
			);
			runOnlyForDeploymentPostprocessing = 0;
		};
		1A35B5682872206E0007A1FB /* Resources */ = {
			isa = PBXResourcesBuildPhase;
			buildActionMask = 2147483647;
			files = (
			);
			runOnlyForDeploymentPostprocessing = 0;
		};
		1A35B5722872206E0007A1FB /* Resources */ = {
			isa = PBXResourcesBuildPhase;
			buildActionMask = 2147483647;
			files = (
			);
			runOnlyForDeploymentPostprocessing = 0;
		};
/* End PBXResourcesBuildPhase section */

/* Begin PBXSourcesBuildPhase section */
		1A35B5502872206C0007A1FB /* Sources */ = {
			isa = PBXSourcesBuildPhase;
			buildActionMask = 2147483647;
			files = (
				1A35B5C12872450C0007A1FB /* Size.swift in Sources */,
				1A35B5BF287244EE0007A1FB /* UIFont+Ext.swift in Sources */,
				1A35B5A5287233C20007A1FB /* DashboardCoordinator.swift in Sources */,
				1A35B5D0287258960007A1FB /* UITextField+Ext.swift in Sources */,
				1A35B5CC28724C230007A1FB /* UITableView+Ext.swift in Sources */,
				1A35B59B287224EF0007A1FB /* AuthCoordinator.swift in Sources */,
				1A35B5AD287242210007A1FB /* LoadingViewController.swift in Sources */,
				1A35B5B7287243E00007A1FB /* Colors.swift in Sources */,
				1A35B5BB287244680007A1FB /* UIColor+Ext.swift in Sources */,
				1A90DDDC28733E5600C445B8 /* MinimumAlertViewController.swift in Sources */,
				1A35B589287220C60007A1FB /* Coordinator.swift in Sources */,
				1A35B599287224E20007A1FB /* TabCoordinator.swift in Sources */,
				1A35B58B287220EC0007A1FB /* Router.swift in Sources */,
				1A35B5C5287247C70007A1FB /* FormProtocol.swift in Sources */,
				1A90DDE92873413D00C445B8 /* FavoriteViewController.swift in Sources */,
				1A90DDDE28733E8A00C445B8 /* FootNoteLabel.swift in Sources */,
				1A35B5D728727AEC0007A1FB /* Textfield.swift in Sources */,
				1A90DDE228733F1600C445B8 /* CustomTapGesture.swift in Sources */,
				1A35B5582872206C0007A1FB /* AppDelegate.swift in Sources */,
				1A35B5A92872341A0007A1FB /* FavoriteCoordinator.swift in Sources */,
				1A90DDE5287340E400C445B8 /* DashboardViewController.swift in Sources */,
				1A35B5B92872441F0007A1FB /* FormItem.swift in Sources */,
				1A35B5A7287234100007A1FB /* ProfileCoordinator.swift in Sources */,
				1A35B55A2872206C0007A1FB /* SceneDelegate.swift in Sources */,
				1A35B58E2872210E0007A1FB /* Presentable.swift in Sources */,
				1A35B5CA28724BB50007A1FB /* FormTextFieldTableViewCell.swift in Sources */,
				1A35B5C7287248640007A1FB /* LoginForm.swift in Sources */,
				1A90DDDA2873386400C445B8 /* APIService.swift in Sources */,
				1A35B595287223B20007A1FB /* UIViewController+Ext.swift in Sources */,
				1A35B5BD287244AE0007A1FB /* Fonts.swift in Sources */,
				1A35B5D3287259C50007A1FB /* PrimaryButton.swift in Sources */,
				1A35B5CE28724E1D0007A1FB /* Padding.swift in Sources */,
				1A35B5D9287282680007A1FB /* AuthViewModel.swift in Sources */,
				1A35B592287221480007A1FB /* AppCoordinator.swift in Sources */,
				1A35B59D2872263C0007A1FB /* LoginViewController.swift in Sources */,
				1A90DDE72873412800C445B8 /* ProfileViewController.swift in Sources */,
				1A35B5AF287242550007A1FB /* AuthenticateDelegate.swift in Sources */,
				1A35B5C3287245280007A1FB /* Strings.swift in Sources */,
			);
			runOnlyForDeploymentPostprocessing = 0;
		};
		1A35B5662872206E0007A1FB /* Sources */ = {
			isa = PBXSourcesBuildPhase;
			buildActionMask = 2147483647;
			files = (
				1A35B56F2872206E0007A1FB /* TrexisProjectTests.swift in Sources */,
			);
			runOnlyForDeploymentPostprocessing = 0;
		};
		1A35B5702872206E0007A1FB /* Sources */ = {
			isa = PBXSourcesBuildPhase;
			buildActionMask = 2147483647;
			files = (
				1A35B5792872206E0007A1FB /* TrexisProjectUITests.swift in Sources */,
				1A35B57B2872206E0007A1FB /* TrexisProjectUITestsLaunchTests.swift in Sources */,
			);
			runOnlyForDeploymentPostprocessing = 0;
		};
/* End PBXSourcesBuildPhase section */

/* Begin PBXTargetDependency section */
		1A35B56C2872206E0007A1FB /* PBXTargetDependency */ = {
			isa = PBXTargetDependency;
			target = 1A35B5532872206C0007A1FB /* TrexisProject */;
			targetProxy = 1A35B56B2872206E0007A1FB /* PBXContainerItemProxy */;
		};
		1A35B5762872206E0007A1FB /* PBXTargetDependency */ = {
			isa = PBXTargetDependency;
			target = 1A35B5532872206C0007A1FB /* TrexisProject */;
			targetProxy = 1A35B5752872206E0007A1FB /* PBXContainerItemProxy */;
		};
/* End PBXTargetDependency section */

/* Begin PBXVariantGroup section */
		1A35B5622872206E0007A1FB /* LaunchScreen.storyboard */ = {
			isa = PBXVariantGroup;
			children = (
				1A35B5632872206E0007A1FB /* Base */,
			);
			name = LaunchScreen.storyboard;
			sourceTree = "<group>";
		};
/* End PBXVariantGroup section */

/* Begin XCBuildConfiguration section */
		1A35B57C2872206E0007A1FB /* Debug */ = {
			isa = XCBuildConfiguration;
			buildSettings = {
				ALWAYS_SEARCH_USER_PATHS = NO;
				CLANG_ANALYZER_NONNULL = YES;
				CLANG_ANALYZER_NUMBER_OBJECT_CONVERSION = YES_AGGRESSIVE;
				CLANG_CXX_LANGUAGE_STANDARD = "gnu++17";
				CLANG_ENABLE_MODULES = YES;
				CLANG_ENABLE_OBJC_ARC = YES;
				CLANG_ENABLE_OBJC_WEAK = YES;
				CLANG_WARN_BLOCK_CAPTURE_AUTORELEASING = YES;
				CLANG_WARN_BOOL_CONVERSION = YES;
				CLANG_WARN_COMMA = YES;
				CLANG_WARN_CONSTANT_CONVERSION = YES;
				CLANG_WARN_DEPRECATED_OBJC_IMPLEMENTATIONS = YES;
				CLANG_WARN_DIRECT_OBJC_ISA_USAGE = YES_ERROR;
				CLANG_WARN_DOCUMENTATION_COMMENTS = YES;
				CLANG_WARN_EMPTY_BODY = YES;
				CLANG_WARN_ENUM_CONVERSION = YES;
				CLANG_WARN_INFINITE_RECURSION = YES;
				CLANG_WARN_INT_CONVERSION = YES;
				CLANG_WARN_NON_LITERAL_NULL_CONVERSION = YES;
				CLANG_WARN_OBJC_IMPLICIT_RETAIN_SELF = YES;
				CLANG_WARN_OBJC_LITERAL_CONVERSION = YES;
				CLANG_WARN_OBJC_ROOT_CLASS = YES_ERROR;
				CLANG_WARN_QUOTED_INCLUDE_IN_FRAMEWORK_HEADER = YES;
				CLANG_WARN_RANGE_LOOP_ANALYSIS = YES;
				CLANG_WARN_STRICT_PROTOTYPES = YES;
				CLANG_WARN_SUSPICIOUS_MOVE = YES;
				CLANG_WARN_UNGUARDED_AVAILABILITY = YES_AGGRESSIVE;
				CLANG_WARN_UNREACHABLE_CODE = YES;
				CLANG_WARN__DUPLICATE_METHOD_MATCH = YES;
				COPY_PHASE_STRIP = NO;
				DEBUG_INFORMATION_FORMAT = dwarf;
				ENABLE_STRICT_OBJC_MSGSEND = YES;
				ENABLE_TESTABILITY = YES;
				GCC_C_LANGUAGE_STANDARD = gnu11;
				GCC_DYNAMIC_NO_PIC = NO;
				GCC_NO_COMMON_BLOCKS = YES;
				GCC_OPTIMIZATION_LEVEL = 0;
				GCC_PREPROCESSOR_DEFINITIONS = (
					"DEBUG=1",
					"$(inherited)",
				);
				GCC_WARN_64_TO_32_BIT_CONVERSION = YES;
				GCC_WARN_ABOUT_RETURN_TYPE = YES_ERROR;
				GCC_WARN_UNDECLARED_SELECTOR = YES;
				GCC_WARN_UNINITIALIZED_AUTOS = YES_AGGRESSIVE;
				GCC_WARN_UNUSED_FUNCTION = YES;
				GCC_WARN_UNUSED_VARIABLE = YES;
				IPHONEOS_DEPLOYMENT_TARGET = 15.4;
				MTL_ENABLE_DEBUG_INFO = INCLUDE_SOURCE;
				MTL_FAST_MATH = YES;
				ONLY_ACTIVE_ARCH = YES;
				SDKROOT = iphoneos;
				SWIFT_ACTIVE_COMPILATION_CONDITIONS = DEBUG;
				SWIFT_OPTIMIZATION_LEVEL = "-Onone";
			};
			name = Debug;
		};
		1A35B57D2872206E0007A1FB /* Release */ = {
			isa = XCBuildConfiguration;
			buildSettings = {
				ALWAYS_SEARCH_USER_PATHS = NO;
				CLANG_ANALYZER_NONNULL = YES;
				CLANG_ANALYZER_NUMBER_OBJECT_CONVERSION = YES_AGGRESSIVE;
				CLANG_CXX_LANGUAGE_STANDARD = "gnu++17";
				CLANG_ENABLE_MODULES = YES;
				CLANG_ENABLE_OBJC_ARC = YES;
				CLANG_ENABLE_OBJC_WEAK = YES;
				CLANG_WARN_BLOCK_CAPTURE_AUTORELEASING = YES;
				CLANG_WARN_BOOL_CONVERSION = YES;
				CLANG_WARN_COMMA = YES;
				CLANG_WARN_CONSTANT_CONVERSION = YES;
				CLANG_WARN_DEPRECATED_OBJC_IMPLEMENTATIONS = YES;
				CLANG_WARN_DIRECT_OBJC_ISA_USAGE = YES_ERROR;
				CLANG_WARN_DOCUMENTATION_COMMENTS = YES;
				CLANG_WARN_EMPTY_BODY = YES;
				CLANG_WARN_ENUM_CONVERSION = YES;
				CLANG_WARN_INFINITE_RECURSION = YES;
				CLANG_WARN_INT_CONVERSION = YES;
				CLANG_WARN_NON_LITERAL_NULL_CONVERSION = YES;
				CLANG_WARN_OBJC_IMPLICIT_RETAIN_SELF = YES;
				CLANG_WARN_OBJC_LITERAL_CONVERSION = YES;
				CLANG_WARN_OBJC_ROOT_CLASS = YES_ERROR;
				CLANG_WARN_QUOTED_INCLUDE_IN_FRAMEWORK_HEADER = YES;
				CLANG_WARN_RANGE_LOOP_ANALYSIS = YES;
				CLANG_WARN_STRICT_PROTOTYPES = YES;
				CLANG_WARN_SUSPICIOUS_MOVE = YES;
				CLANG_WARN_UNGUARDED_AVAILABILITY = YES_AGGRESSIVE;
				CLANG_WARN_UNREACHABLE_CODE = YES;
				CLANG_WARN__DUPLICATE_METHOD_MATCH = YES;
				COPY_PHASE_STRIP = NO;
				DEBUG_INFORMATION_FORMAT = "dwarf-with-dsym";
				ENABLE_NS_ASSERTIONS = NO;
				ENABLE_STRICT_OBJC_MSGSEND = YES;
				GCC_C_LANGUAGE_STANDARD = gnu11;
				GCC_NO_COMMON_BLOCKS = YES;
				GCC_WARN_64_TO_32_BIT_CONVERSION = YES;
				GCC_WARN_ABOUT_RETURN_TYPE = YES_ERROR;
				GCC_WARN_UNDECLARED_SELECTOR = YES;
				GCC_WARN_UNINITIALIZED_AUTOS = YES_AGGRESSIVE;
				GCC_WARN_UNUSED_FUNCTION = YES;
				GCC_WARN_UNUSED_VARIABLE = YES;
				IPHONEOS_DEPLOYMENT_TARGET = 15.4;
				MTL_ENABLE_DEBUG_INFO = NO;
				MTL_FAST_MATH = YES;
				SDKROOT = iphoneos;
				SWIFT_COMPILATION_MODE = wholemodule;
				SWIFT_OPTIMIZATION_LEVEL = "-O";
				VALIDATE_PRODUCT = YES;
			};
			name = Release;
		};
		1A35B57F2872206E0007A1FB /* Debug */ = {
			isa = XCBuildConfiguration;
			buildSettings = {
				ASSETCATALOG_COMPILER_APPICON_NAME = AppIcon;
				ASSETCATALOG_COMPILER_GLOBAL_ACCENT_COLOR_NAME = AccentColor;
				CODE_SIGN_STYLE = Automatic;
				CURRENT_PROJECT_VERSION = 1;
				DEVELOPMENT_TEAM = MA6LFU3W46;
				GENERATE_INFOPLIST_FILE = YES;
				INFOPLIST_FILE = TrexisProject/Info.plist;
				INFOPLIST_KEY_UIApplicationSupportsIndirectInputEvents = YES;
				INFOPLIST_KEY_UILaunchStoryboardName = LaunchScreen;
				INFOPLIST_KEY_UISupportedInterfaceOrientations_iPad = "UIInterfaceOrientationPortrait UIInterfaceOrientationPortraitUpsideDown UIInterfaceOrientationLandscapeLeft UIInterfaceOrientationLandscapeRight";
				INFOPLIST_KEY_UISupportedInterfaceOrientations_iPhone = "UIInterfaceOrientationPortrait UIInterfaceOrientationLandscapeLeft UIInterfaceOrientationLandscapeRight";
				LD_RUNPATH_SEARCH_PATHS = (
					"$(inherited)",
					"@executable_path/Frameworks",
				);
				MARKETING_VERSION = 1.0;
				PRODUCT_BUNDLE_IDENTIFIER = com.suha.TrexisProject;
				PRODUCT_NAME = "$(TARGET_NAME)";
				SWIFT_EMIT_LOC_STRINGS = YES;
				SWIFT_VERSION = 5.0;
				TARGETED_DEVICE_FAMILY = "1,2";
			};
			name = Debug;
		};
		1A35B5802872206E0007A1FB /* Release */ = {
			isa = XCBuildConfiguration;
			buildSettings = {
				ASSETCATALOG_COMPILER_APPICON_NAME = AppIcon;
				ASSETCATALOG_COMPILER_GLOBAL_ACCENT_COLOR_NAME = AccentColor;
				CODE_SIGN_STYLE = Automatic;
				CURRENT_PROJECT_VERSION = 1;
				DEVELOPMENT_TEAM = MA6LFU3W46;
				GENERATE_INFOPLIST_FILE = YES;
				INFOPLIST_FILE = TrexisProject/Info.plist;
				INFOPLIST_KEY_UIApplicationSupportsIndirectInputEvents = YES;
				INFOPLIST_KEY_UILaunchStoryboardName = LaunchScreen;
				INFOPLIST_KEY_UISupportedInterfaceOrientations_iPad = "UIInterfaceOrientationPortrait UIInterfaceOrientationPortraitUpsideDown UIInterfaceOrientationLandscapeLeft UIInterfaceOrientationLandscapeRight";
				INFOPLIST_KEY_UISupportedInterfaceOrientations_iPhone = "UIInterfaceOrientationPortrait UIInterfaceOrientationLandscapeLeft UIInterfaceOrientationLandscapeRight";
				LD_RUNPATH_SEARCH_PATHS = (
					"$(inherited)",
					"@executable_path/Frameworks",
				);
				MARKETING_VERSION = 1.0;
				PRODUCT_BUNDLE_IDENTIFIER = com.suha.TrexisProject;
				PRODUCT_NAME = "$(TARGET_NAME)";
				SWIFT_EMIT_LOC_STRINGS = YES;
				SWIFT_VERSION = 5.0;
				TARGETED_DEVICE_FAMILY = "1,2";
			};
			name = Release;
		};
		1A35B5822872206E0007A1FB /* Debug */ = {
			isa = XCBuildConfiguration;
			buildSettings = {
				ALWAYS_EMBED_SWIFT_STANDARD_LIBRARIES = YES;
				BUNDLE_LOADER = "$(TEST_HOST)";
				CODE_SIGN_STYLE = Automatic;
				CURRENT_PROJECT_VERSION = 1;
				DEVELOPMENT_TEAM = MA6LFU3W46;
				GENERATE_INFOPLIST_FILE = YES;
				IPHONEOS_DEPLOYMENT_TARGET = 15.4;
				MARKETING_VERSION = 1.0;
				PRODUCT_BUNDLE_IDENTIFIER = com.suha.TrexisProjectTests;
				PRODUCT_NAME = "$(TARGET_NAME)";
				SWIFT_EMIT_LOC_STRINGS = NO;
				SWIFT_VERSION = 5.0;
				TARGETED_DEVICE_FAMILY = "1,2";
				TEST_HOST = "$(BUILT_PRODUCTS_DIR)/TrexisProject.app/TrexisProject";
			};
			name = Debug;
		};
		1A35B5832872206E0007A1FB /* Release */ = {
			isa = XCBuildConfiguration;
			buildSettings = {
				ALWAYS_EMBED_SWIFT_STANDARD_LIBRARIES = YES;
				BUNDLE_LOADER = "$(TEST_HOST)";
				CODE_SIGN_STYLE = Automatic;
				CURRENT_PROJECT_VERSION = 1;
				DEVELOPMENT_TEAM = MA6LFU3W46;
				GENERATE_INFOPLIST_FILE = YES;
				IPHONEOS_DEPLOYMENT_TARGET = 15.4;
				MARKETING_VERSION = 1.0;
				PRODUCT_BUNDLE_IDENTIFIER = com.suha.TrexisProjectTests;
				PRODUCT_NAME = "$(TARGET_NAME)";
				SWIFT_EMIT_LOC_STRINGS = NO;
				SWIFT_VERSION = 5.0;
				TARGETED_DEVICE_FAMILY = "1,2";
				TEST_HOST = "$(BUILT_PRODUCTS_DIR)/TrexisProject.app/TrexisProject";
			};
			name = Release;
		};
		1A35B5852872206E0007A1FB /* Debug */ = {
			isa = XCBuildConfiguration;
			buildSettings = {
				ALWAYS_EMBED_SWIFT_STANDARD_LIBRARIES = YES;
				CODE_SIGN_STYLE = Automatic;
				CURRENT_PROJECT_VERSION = 1;
				DEVELOPMENT_TEAM = MA6LFU3W46;
				GENERATE_INFOPLIST_FILE = YES;
				MARKETING_VERSION = 1.0;
				PRODUCT_BUNDLE_IDENTIFIER = com.suha.TrexisProjectUITests;
				PRODUCT_NAME = "$(TARGET_NAME)";
				SWIFT_EMIT_LOC_STRINGS = NO;
				SWIFT_VERSION = 5.0;
				TARGETED_DEVICE_FAMILY = "1,2";
				TEST_TARGET_NAME = TrexisProject;
			};
			name = Debug;
		};
		1A35B5862872206E0007A1FB /* Release */ = {
			isa = XCBuildConfiguration;
			buildSettings = {
				ALWAYS_EMBED_SWIFT_STANDARD_LIBRARIES = YES;
				CODE_SIGN_STYLE = Automatic;
				CURRENT_PROJECT_VERSION = 1;
				DEVELOPMENT_TEAM = MA6LFU3W46;
				GENERATE_INFOPLIST_FILE = YES;
				MARKETING_VERSION = 1.0;
				PRODUCT_BUNDLE_IDENTIFIER = com.suha.TrexisProjectUITests;
				PRODUCT_NAME = "$(TARGET_NAME)";
				SWIFT_EMIT_LOC_STRINGS = NO;
				SWIFT_VERSION = 5.0;
				TARGETED_DEVICE_FAMILY = "1,2";
				TEST_TARGET_NAME = TrexisProject;
			};
			name = Release;
		};
/* End XCBuildConfiguration section */

/* Begin XCConfigurationList section */
		1A35B54F2872206C0007A1FB /* Build configuration list for PBXProject "TrexisProject" */ = {
			isa = XCConfigurationList;
			buildConfigurations = (
				1A35B57C2872206E0007A1FB /* Debug */,
				1A35B57D2872206E0007A1FB /* Release */,
			);
			defaultConfigurationIsVisible = 0;
			defaultConfigurationName = Release;
		};
		1A35B57E2872206E0007A1FB /* Build configuration list for PBXNativeTarget "TrexisProject" */ = {
			isa = XCConfigurationList;
			buildConfigurations = (
				1A35B57F2872206E0007A1FB /* Debug */,
				1A35B5802872206E0007A1FB /* Release */,
			);
			defaultConfigurationIsVisible = 0;
			defaultConfigurationName = Release;
		};
		1A35B5812872206E0007A1FB /* Build configuration list for PBXNativeTarget "TrexisProjectTests" */ = {
			isa = XCConfigurationList;
			buildConfigurations = (
				1A35B5822872206E0007A1FB /* Debug */,
				1A35B5832872206E0007A1FB /* Release */,
			);
			defaultConfigurationIsVisible = 0;
			defaultConfigurationName = Release;
		};
		1A35B5842872206E0007A1FB /* Build configuration list for PBXNativeTarget "TrexisProjectUITests" */ = {
			isa = XCConfigurationList;
			buildConfigurations = (
				1A35B5852872206E0007A1FB /* Debug */,
				1A35B5862872206E0007A1FB /* Release */,
			);
			defaultConfigurationIsVisible = 0;
			defaultConfigurationName = Release;
		};
/* End XCConfigurationList section */
	};
	rootObject = 1A35B54C2872206C0007A1FB /* Project object */;
}
